
Microsoft Visual Studio Solution File, Format Version 12.00
# Visual Studio Version 17
VisualStudioVersion = 17.7.34018.315
MinimumVisualStudioVersion = 10.0.40219.1
Project("{FAE04EC0-301F-11D3-BF4B-00C04F79EFBC}") = "Program5", "Program5\Program5.csproj", "{A894D38B-0A00-41BB-926B-6DE1167EC67F}"
EndProject
Global
	GlobalSection(SolutionConfigurationPlatforms) = preSolution
		Debug|Any CPU = Debug|Any CPU
		Release|Any CPU = Release|Any CPU
	EndGlobalSection
	GlobalSection(ProjectConfigurationPlatforms) = postSolution
		{A894D38B-0A00-41BB-926B-6DE1167EC67F}.Debug|Any CPU.ActiveCfg = Debug|Any CPU
		{A894D38B-0A00-41BB-926B-6DE1167EC67F}.Debug|Any CPU.Build.0 = Debug|Any CPU
		{A894D38B-0A00-41BB-926B-6DE1167EC67F}.Release|Any CPU.ActiveCfg = Release|Any CPU
		{A894D38B-0A00-41BB-926B-6DE1167EC67F}.Release|Any CPU.Build.0 = Release|Any CPU
	EndGlobalSection
	GlobalSection(SolutionProperties) = preSolution
		HideSolutionNode = FALSE
	EndGlobalSection
	GlobalSection(ExtensibilityGlobals) = postSolution
		SolutionGuid = {73E834CA-2A93-4C87-9456-4687EA6F0597}
	EndGlobalSection
EndGlobal
